{
  "name": "FRONTEND-CE68-22",
  "lockfileVersion": 3,
  "requires": true,
  "packages": {
    "": {
      "dependencies": {
        "cronstrue": "^3.11.0"
      }
    },
    "node_modules/cronstrue": {
      "version": "3.11.0",
      "resolved": "https://registry.npmjs.org/cronstrue/-/cronstrue-3.11.0.tgz",
      "integrity": "sha512-nXST7NEkjPF6loOTJtCwbLHB6cOVR5Ofuq/VZ4UGsZw/0HTvxy6mRCrDHOJ4xoLPcuS3ooruBLyUk3INaidKwg==",
      "bin": {
        "cronstrue": "bin/cli.js"
      }
    }
  }
}
